
Microsoft Visual Studio Solution File, Format Version 12.00
# Visual Studio 14
VisualStudioVersion = 14.0.25420.1
MinimumVisualStudioVersion = 10.0.40219.1
Project("{FAE04EC0-301F-11D3-BF4B-00C04F79EFBC}") = "Raupjc_dz2_zad6", "Raupjc_dz2_zad6\Raupjc_dz2_zad6.csproj", "{BD1FC49E-C04C-434F-9E3C-45171BA050CF}"
EndProject
Global
	GlobalSection(SolutionConfigurationPlatforms) = preSolution
		Debug|Any CPU = Debug|Any CPU
		Release|Any CPU = Release|Any CPU
	EndGlobalSection
	GlobalSection(ProjectConfigurationPlatforms) = postSolution
		{BD1FC49E-C04C-434F-9E3C-45171BA050CF}.Debug|Any CPU.ActiveCfg = Debug|Any CPU
		{BD1FC49E-C04C-434F-9E3C-45171BA050CF}.Debug|Any CPU.Build.0 = Debug|Any CPU
		{BD1FC49E-C04C-434F-9E3C-45171BA050CF}.Release|Any CPU.ActiveCfg = Release|Any CPU
		{BD1FC49E-C04C-434F-9E3C-45171BA050CF}.Release|Any CPU.Build.0 = Release|Any CPU
	EndGlobalSection
	GlobalSection(SolutionProperties) = preSolution
		HideSolutionNode = FALSE
	EndGlobalSection
EndGlobal
