
Microsoft Visual Studio Solution File, Format Version 12.00
# Visual Studio 14
VisualStudioVersion = 14.0.25420.1
MinimumVisualStudioVersion = 10.0.40219.1
Project("{FAE04EC0-301F-11D3-BF4B-00C04F79EFBC}") = "Raupjc-dz2-zad1", "Raupjc-dz2-zad1\Raupjc-dz2-zad1.csproj", "{64C8DB7C-9D25-4093-96E0-A7E06BE1E6C9}"
EndProject
Project("{FAE04EC0-301F-11D3-BF4B-00C04F79EFBC}") = "Raupjc-dz2-zad1Tests4", "Raupjc-dz2-zad1Tests4\Raupjc-dz2-zad1Tests4.csproj", "{A6939014-80B5-468E-852A-49381124DA78}"
EndProject
Global
	GlobalSection(SolutionConfigurationPlatforms) = preSolution
		Debug|Any CPU = Debug|Any CPU
		Release|Any CPU = Release|Any CPU
	EndGlobalSection
	GlobalSection(ProjectConfigurationPlatforms) = postSolution
		{64C8DB7C-9D25-4093-96E0-A7E06BE1E6C9}.Debug|Any CPU.ActiveCfg = Debug|Any CPU
		{64C8DB7C-9D25-4093-96E0-A7E06BE1E6C9}.Debug|Any CPU.Build.0 = Debug|Any CPU
		{64C8DB7C-9D25-4093-96E0-A7E06BE1E6C9}.Release|Any CPU.ActiveCfg = Release|Any CPU
		{64C8DB7C-9D25-4093-96E0-A7E06BE1E6C9}.Release|Any CPU.Build.0 = Release|Any CPU
		{A6939014-80B5-468E-852A-49381124DA78}.Debug|Any CPU.ActiveCfg = Debug|Any CPU
		{A6939014-80B5-468E-852A-49381124DA78}.Debug|Any CPU.Build.0 = Debug|Any CPU
		{A6939014-80B5-468E-852A-49381124DA78}.Release|Any CPU.ActiveCfg = Release|Any CPU
		{A6939014-80B5-468E-852A-49381124DA78}.Release|Any CPU.Build.0 = Release|Any CPU
	EndGlobalSection
	GlobalSection(SolutionProperties) = preSolution
		HideSolutionNode = FALSE
	EndGlobalSection
EndGlobal
